<?xml version="1.0" encoding="utf-8"?>
<Project ToolsVersion="4.0" xmlns="http://schemas.microsoft.com/developer/msbuild/2003">
  <ItemGroup>
    <Filter Include="Source Files">
      <UniqueIdentifier>{4FC737F1-C7A5-4376-A066-2A32D752A2FF}</UniqueIdentifier>
      <Extensions>cpp;c;cxx;def;odl;idl;hpj;bat;asm;asmx</Extensions>
    </Filter>
    <Filter Include="Header Files">
      <UniqueIdentifier>{93995380-89BD-4b04-88EB-625FBE52EBFB}</UniqueIdentifier>
      <Extensions>h;hpp;hxx;hm;inl;inc;xsd</Extensions>
    </Filter>
    <Filter Include="Resource Files">
      <UniqueIdentifier>{67DA6AB6-F800-4c08-8B7A-83BB121AAD01}</UniqueIdentifier>
      <Extensions>rc;ico;cur;bmp;dlg;rc2;rct;bin;rgs;gif;jpg;jpeg;jpe;resx</Extensions>
    </Filter>
    <Filter Include="Header Files\AMP">
      <UniqueIdentifier>{346d33cf-d6a0-4c19-bbdf-ff7d5564ca7a}</UniqueIdentifier>
    </Filter>
    <Filter Include="Source Files\AMP">
      <UniqueIdentifier>{f2015983-80d8-455f-9288-7ceace03441d}</UniqueIdentifier>
    </Filter>
    <Filter Include="Header Files\edcode">
      <UniqueIdentifier>{617ac134-2f11-4f89-af0d-b297c8f63f5f}</UniqueIdentifier>
    </Filter>
    <Filter Include="Source Files\edcode">
      <UniqueIdentifier>{3c888882-513d-4615-859a-53534c01a76c}</UniqueIdentifier>
    </Filter>
  </ItemGroup>
  <ItemGroup>
    <ClCompile Include="..\..\squash.cpp">
      <Filter>Source Files</Filter>
    </ClCompile>
    <ClCompile Include="..\..\compress_amp.cpp">
      <Filter>Source Files\AMP</Filter>
    </ClCompile>
    <ClCompile Include="..\..\compress_bc1.cpp">
      <Filter>Source Files\AMP</Filter>
    </ClCompile>
    <ClCompile Include="..\..\compress_bc2.cpp">
      <Filter>Source Files\AMP</Filter>
    </ClCompile>
    <ClCompile Include="..\..\compress_bc3.cpp">
      <Filter>Source Files\AMP</Filter>
    </ClCompile>
    <ClCompile Include="..\..\compress_bc45.cpp">
      <Filter>Source Files\AMP</Filter>
    </ClCompile>
    <ClCompile Include="..\..\compress_qdm.cpp">
      <Filter>Source Files\AMP</Filter>
    </ClCompile>
    <ClCompile Include="..\..\quantize_a0.cpp">
      <Filter>Source Files\AMP</Filter>
    </ClCompile>
    <ClCompile Include="..\..\quantize_a1.cpp">
      <Filter>Source Files\AMP</Filter>
    </ClCompile>
    <ClCompile Include="..\..\quantize_a2.cpp">
      <Filter>Source Files\AMP</Filter>
    </ClCompile>
    <ClCompile Include="..\..\quantize_a4.cpp">
      <Filter>Source Files\AMP</Filter>
    </ClCompile>
    <ClCompile Include="..\..\quantize_amp.cpp">
      <Filter>Source Files\AMP</Filter>
    </ClCompile>
    <ClCompile Include="..\..\compress.cpp">
      <Filter>Source Files</Filter>
    </ClCompile>
    <ClCompile Include="..\..\convert.cpp">
      <Filter>Source Files</Filter>
    </ClCompile>
    <ClCompile Include="..\..\format.cpp">
      <Filter>Source Files</Filter>
    </ClCompile>
    <ClCompile Include="..\..\matte.cpp">
      <Filter>Source Files</Filter>
    </ClCompile>
    <ClCompile Include="..\..\quantize.cpp">
      <Filter>Source Files</Filter>
    </ClCompile>
    <ClCompile Include="..\..\convert_amp.cpp">
      <Filter>Source Files\AMP</Filter>
    </ClCompile>
    <ClCompile Include="..\..\decode.cpp">
      <Filter>Source Files\edcode</Filter>
    </ClCompile>
    <ClCompile Include="..\..\encode.cpp">
      <Filter>Source Files\edcode</Filter>
    </ClCompile>
    <ClCompile Include="..\..\deps\edcode.cpp">
      <Filter>Source Files\edcode</Filter>
    </ClCompile>
    <ClCompile Include="..\..\deps\encode_trial.cpp">
      <Filter>Source Files\edcode</Filter>
    </ClCompile>
    <ClCompile Include="..\..\deps\encode_transform.cpp">
      <Filter>Source Files\edcode</Filter>
    </ClCompile>
    <ClCompile Include="..\..\deps\encode_visualize.cpp">
      <Filter>Source Files\edcode</Filter>
    </ClCompile>
    <ClCompile Include="..\..\deps\encode_analyze.cpp">
      <Filter>Source Files\edcode</Filter>
    </ClCompile>
    <ClCompile Include="..\..\deps\decode_threaded.cpp">
      <Filter>Source Files\edcode</Filter>
    </ClCompile>
    <ClCompile Include="..\..\deps\decode-blk2b.cpp">
      <Filter>Source Files\edcode</Filter>
    </ClCompile>
    <ClCompile Include="..\..\deps\decode-blk3b.cpp">
      <Filter>Source Files\edcode</Filter>
    </ClCompile>
    <ClCompile Include="..\..\deps\decode-blk4b.cpp">
      <Filter>Source Files\edcode</Filter>
    </ClCompile>
    <ClCompile Include="..\..\deps\decode-pal565pair.cpp">
      <Filter>Source Files\edcode</Filter>
    </ClCompile>
    <ClCompile Include="..\..\deps\decode-pal8pair.cpp">
      <Filter>Source Files\edcode</Filter>
    </ClCompile>
    <ClCompile Include="..\..\deps\encode-blk2b-trial.cpp">
      <Filter>Source Files\edcode</Filter>
    </ClCompile>
    <ClCompile Include="..\..\deps\encode-blk2b.cpp">
      <Filter>Source Files\edcode</Filter>
    </ClCompile>
    <ClCompile Include="..\..\deps\encode-blk3b-trial.cpp">
      <Filter>Source Files\edcode</Filter>
    </ClCompile>
    <ClCompile Include="..\..\deps\encode-blk3b.cpp">
      <Filter>Source Files\edcode</Filter>
    </ClCompile>
    <ClCompile Include="..\..\deps\encode-blk4b-trial.cpp">
      <Filter>Source Files\edcode</Filter>
    </ClCompile>
    <ClCompile Include="..\..\deps\encode-blk4b.cpp">
      <Filter>Source Files\edcode</Filter>
    </ClCompile>
    <ClCompile Include="..\..\deps\encode-pal565pair-trial.cpp">
      <Filter>Source Files\edcode</Filter>
    </ClCompile>
    <ClCompile Include="..\..\deps\encode-pal565pair.cpp">
      <Filter>Source Files\edcode</Filter>
    </ClCompile>
    <ClCompile Include="..\..\deps\encode-raw5b-trial.cpp">
      <Filter>Source Files\edcode</Filter>
    </ClCompile>
    <ClCompile Include="..\..\deps\encode-raw5b.cpp">
      <Filter>Source Files\edcode</Filter>
    </ClCompile>
    <ClCompile Include="..\..\deps\encode-raw8b-trial.cpp">
      <Filter>Source Files\edcode</Filter>
    </ClCompile>
    <ClCompile Include="..\..\deps\encode-raw8b.cpp">
      <Filter>Source Files\edcode</Filter>
    </ClCompile>
    <ClCompile Include="..\..\deps\encode-pal8pair-trial.cpp">
      <Filter>Source Files\edcode</Filter>
    </ClCompile>
    <ClCompile Include="..\..\deps\encode-pal8pair.cpp">
      <Filter>Source Files\edcode</Filter>
    </ClCompile>
    <ClCompile Include="..\..\deps\encode-raw1b.cpp">
      <Filter>Source Files\edcode</Filter>
    </ClCompile>
    <ClCompile Include="..\..\deps\encode-raw1b-trial.cpp">
      <Filter>Source Files\edcode</Filter>
    </ClCompile>
    <ClCompile Include="..\..\deps\decode-raw1b.cpp">
      <Filter>Source Files\edcode</Filter>
    </ClCompile>
    <ClCompile Include="..\..\deps\decode-raw5b.cpp">
      <Filter>Source Files\edcode</Filter>
    </ClCompile>
    <ClCompile Include="..\..\deps\decode-raw8b.cpp">
      <Filter>Source Files\edcode</Filter>
    </ClCompile>
    <ClCompile Include="..\..\deps\decode-raw6b.cpp">
      <Filter>Source Files\edcode</Filter>
    </ClCompile>
    <ClCompile Include="..\..\deps\encode-raw6b.cpp">
      <Filter>Source Files\edcode</Filter>
    </ClCompile>
    <ClCompile Include="..\..\deps\encode-raw6b-trial.cpp">
      <Filter>Source Files\edcode</Filter>
    </ClCompile>
  </ItemGroup>
  <ItemGroup>
    <ClInclude Include="..\..\squash.h">
      <Filter>Header Files</Filter>
    </ClInclude>
    <ClInclude Include="..\..\common.h">
      <Filter>Header Files</Filter>
    </ClInclude>
    <ClInclude Include="..\..\config.h">
      <Filter>Header Files</Filter>
    </ClInclude>
    <ClInclude Include="..\..\filter.h">
      <Filter>Header Files</Filter>
    </ClInclude>
    <ClInclude Include="..\..\filterdispatch.h">
      <Filter>Header Files</Filter>
    </ClInclude>
    <ClInclude Include="..\..\format.h">
      <Filter>Header Files</Filter>
    </ClInclude>
    <ClInclude Include="..\..\maths.h">
      <Filter>Header Files</Filter>
    </ClInclude>
    <ClInclude Include="..\..\decode.h">
      <Filter>Header Files\edcode</Filter>
    </ClInclude>
    <ClInclude Include="..\..\encode.h">
      <Filter>Header Files\edcode</Filter>
    </ClInclude>
    <ClInclude Include="..\..\deps\edcode.h">
      <Filter>Header Files\edcode</Filter>
    </ClInclude>
    <ClInclude Include="..\..\deps\edcode_barolto.h">
      <Filter>Header Files\edcode</Filter>
    </ClInclude>
    <ClInclude Include="..\..\deps\edcode_colour.h">
      <Filter>Header Files\edcode</Filter>
    </ClInclude>
    <ClInclude Include="..\..\deps\edcode_index.h">
      <Filter>Header Files\edcode</Filter>
    </ClInclude>
    <ClInclude Include="..\..\deps\edcode_buffer_grow.hpp">
      <Filter>Header Files\edcode</Filter>
    </ClInclude>
    <ClInclude Include="..\..\deps\edcode_grey.h">
      <Filter>Header Files\edcode</Filter>
    </ClInclude>
    <ClInclude Include="..\..\deps\edcode_io.h">
      <Filter>Header Files\edcode</Filter>
    </ClInclude>
    <ClInclude Include="..\..\deps\encode_trial.h">
      <Filter>Header Files\edcode</Filter>
    </ClInclude>
    <ClInclude Include="..\..\deps\edcode_io_narrow.h">
      <Filter>Header Files\edcode</Filter>
    </ClInclude>
    <ClInclude Include="..\..\deps\edcode_io_wide.h">
      <Filter>Header Files\edcode</Filter>
    </ClInclude>
    <ClInclude Include="..\..\deps\encode_analyze.h">
      <Filter>Header Files\edcode</Filter>
    </ClInclude>
    <ClInclude Include="..\..\deps\encode_transform.h">
      <Filter>Header Files\edcode</Filter>
    </ClInclude>
  </ItemGroup>
</Project>